
Microsoft Visual Studio Solution File, Format Version 12.00
# Visual Studio 15
VisualStudioVersion = 15.0.27703.2026
MinimumVisualStudioVersion = 10.0.40219.1
Project("{FAE04EC0-301F-11D3-BF4B-00C04F79EFBC}") = "ZeroToHero", "ZeroToHero\ZeroToHero.csproj", "{1001B465-FC9B-4F83-BD7C-AEBDFA573F47}"
EndProject
Global
	GlobalSection(SolutionConfigurationPlatforms) = preSolution
		Debug|Any CPU = Debug|Any CPU
		Release|Any CPU = Release|Any CPU
	EndGlobalSection
	GlobalSection(ProjectConfigurationPlatforms) = postSolution
		{1001B465-FC9B-4F83-BD7C-AEBDFA573F47}.Debug|Any CPU.ActiveCfg = Debug|Any CPU
		{1001B465-FC9B-4F83-BD7C-AEBDFA573F47}.Debug|Any CPU.Build.0 = Debug|Any CPU
		{1001B465-FC9B-4F83-BD7C-AEBDFA573F47}.Release|Any CPU.ActiveCfg = Release|Any CPU
		{1001B465-FC9B-4F83-BD7C-AEBDFA573F47}.Release|Any CPU.Build.0 = Release|Any CPU
	EndGlobalSection
	GlobalSection(SolutionProperties) = preSolution
		HideSolutionNode = FALSE
	EndGlobalSection
	GlobalSection(ExtensibilityGlobals) = postSolution
		SolutionGuid = {61978810-16B0-4FFB-B995-64B141E2CFB1}
	EndGlobalSection
EndGlobal
